
Microsoft Visual Studio Solution File, Format Version 12.00
# Visual Studio Version 16
VisualStudioVersion = 16.0.810.10
MinimumVisualStudioVersion = 10.0.40219.1
Project("{FAE04EC0-301F-11D3-BF4B-00C04F79EFBC}") = "CalConsole", "CalConsole.csproj", "{2E9A9C49-D9D8-46A8-95EC-BF795D98854B}"
EndProject
Global
	GlobalSection(SolutionConfigurationPlatforms) = preSolution
		Debug|Any CPU = Debug|Any CPU
		Release|Any CPU = Release|Any CPU
	EndGlobalSection
	GlobalSection(ProjectConfigurationPlatforms) = postSolution
		{2E9A9C49-D9D8-46A8-95EC-BF795D98854B}.Debug|Any CPU.ActiveCfg = Debug|Any CPU
		{2E9A9C49-D9D8-46A8-95EC-BF795D98854B}.Debug|Any CPU.Build.0 = Debug|Any CPU
		{2E9A9C49-D9D8-46A8-95EC-BF795D98854B}.Release|Any CPU.ActiveCfg = Release|Any CPU
		{2E9A9C49-D9D8-46A8-95EC-BF795D98854B}.Release|Any CPU.Build.0 = Release|Any CPU
	EndGlobalSection
	GlobalSection(SolutionProperties) = preSolution
		HideSolutionNode = FALSE
	EndGlobalSection
	GlobalSection(ExtensibilityGlobals) = postSolution
		SolutionGuid = {A10133DE-0B64-4FE6-AE27-C5658C91EC27}
	EndGlobalSection
EndGlobal
